
Microsoft Visual Studio Solution File, Format Version 12.00
# Visual Studio Version 17
VisualStudioVersion = 17.1.32421.90
MinimumVisualStudioVersion = 10.0.40219.1
Project("{2150E333-8FDC-42A3-9474-1A3956D46DE8}") = "src", "src", "{71587642-03A0-4E80-A7C0-5A60AA675DFE}"
EndProject
Project("{2150E333-8FDC-42A3-9474-1A3956D46DE8}") = "test", "test", "{597449FA-6D6B-4E83-8057-7B6AB2D86D12}"
EndProject
Project("{2150E333-8FDC-42A3-9474-1A3956D46DE8}") = "Core", "Core", "{19B87F77-5EBF-443E-8379-73BBFBE2C462}"
EndProject
Project("{2150E333-8FDC-42A3-9474-1A3956D46DE8}") = "Infrastructure", "Infrastructure", "{0902C334-BE55-4C6F-BA9B-9C289A163F9F}"
EndProject
Project("{2150E333-8FDC-42A3-9474-1A3956D46DE8}") = "Presentation", "Presentation", "{CE571EAA-1817-4195-9B97-E4928D5A9779}"
EndProject
Project("{9A19103F-16F7-4668-BE54-9A1E7A4F7556}") = "Inceliyo.Application", "src\Core\Inceliyo.Application\Inceliyo.Application.csproj", "{665D187B-B3E6-46DE-9AD1-64F793FB76D9}"
EndProject
Project("{9A19103F-16F7-4668-BE54-9A1E7A4F7556}") = "Inceliyo.Domain", "src\Core\Inceliyo.Domain\Inceliyo.Domain.csproj", "{1E29D696-6F90-4347-A678-AF6B086E3599}"
EndProject
Project("{9A19103F-16F7-4668-BE54-9A1E7A4F7556}") = "Inceliyo.Infrastructure", "src\Infrastructure\Inceliyo.Infrastructure\Inceliyo.Infrastructure.csproj", "{AD581244-D1D0-4019-A2FB-30CF55452F19}"
EndProject
Project("{9A19103F-16F7-4668-BE54-9A1E7A4F7556}") = "Inceliyo.Persistence", "src\Infrastructure\Inceliyo.Persistence\Inceliyo.Persistence.csproj", "{3F14529A-D962-4E2F-A491-DB8C094CA75C}"
EndProject
Project("{9A19103F-16F7-4668-BE54-9A1E7A4F7556}") = "TestDB", "test\TestDB\TestDB.csproj", "{936F07BB-5F1D-42ED-8E86-E47888E4E74F}"
EndProject
Project("{9A19103F-16F7-4668-BE54-9A1E7A4F7556}") = "Inceliyo.WebAPI", "src\Presentation\Inceliyo.WebAPI\Inceliyo.WebAPI.csproj", "{40ED42D1-82BB-4D70-BA27-7B3EFBB79EBF}"
EndProject
Project("{9A19103F-16F7-4668-BE54-9A1E7A4F7556}") = "TestGenericRepository", "test\TestGenericRepository\TestGenericRepository.csproj", "{49800AE2-2F2F-4999-A32B-22F7D3EC2F68}"
EndProject
Project("{FAE04EC0-301F-11D3-BF4B-00C04F79EFBC}") = "TestGenericService", "test\TestGenericService\TestGenericService.csproj", "{46F05975-B6C3-46C9-A9DE-EA264EB1556E}"
EndProject
Global
	GlobalSection(SolutionConfigurationPlatforms) = preSolution
		Debug|Any CPU = Debug|Any CPU
		Release|Any CPU = Release|Any CPU
	EndGlobalSection
	GlobalSection(ProjectConfigurationPlatforms) = postSolution
		{665D187B-B3E6-46DE-9AD1-64F793FB76D9}.Debug|Any CPU.ActiveCfg = Debug|Any CPU
		{665D187B-B3E6-46DE-9AD1-64F793FB76D9}.Debug|Any CPU.Build.0 = Debug|Any CPU
		{665D187B-B3E6-46DE-9AD1-64F793FB76D9}.Release|Any CPU.ActiveCfg = Release|Any CPU
		{665D187B-B3E6-46DE-9AD1-64F793FB76D9}.Release|Any CPU.Build.0 = Release|Any CPU
		{1E29D696-6F90-4347-A678-AF6B086E3599}.Debug|Any CPU.ActiveCfg = Debug|Any CPU
		{1E29D696-6F90-4347-A678-AF6B086E3599}.Debug|Any CPU.Build.0 = Debug|Any CPU
		{1E29D696-6F90-4347-A678-AF6B086E3599}.Release|Any CPU.ActiveCfg = Release|Any CPU
		{1E29D696-6F90-4347-A678-AF6B086E3599}.Release|Any CPU.Build.0 = Release|Any CPU
		{AD581244-D1D0-4019-A2FB-30CF55452F19}.Debug|Any CPU.ActiveCfg = Debug|Any CPU
		{AD581244-D1D0-4019-A2FB-30CF55452F19}.Debug|Any CPU.Build.0 = Debug|Any CPU
		{AD581244-D1D0-4019-A2FB-30CF55452F19}.Release|Any CPU.ActiveCfg = Release|Any CPU
		{AD581244-D1D0-4019-A2FB-30CF55452F19}.Release|Any CPU.Build.0 = Release|Any CPU
		{3F14529A-D962-4E2F-A491-DB8C094CA75C}.Debug|Any CPU.ActiveCfg = Debug|Any CPU
		{3F14529A-D962-4E2F-A491-DB8C094CA75C}.Debug|Any CPU.Build.0 = Debug|Any CPU
		{3F14529A-D962-4E2F-A491-DB8C094CA75C}.Release|Any CPU.ActiveCfg = Release|Any CPU
		{3F14529A-D962-4E2F-A491-DB8C094CA75C}.Release|Any CPU.Build.0 = Release|Any CPU
		{936F07BB-5F1D-42ED-8E86-E47888E4E74F}.Debug|Any CPU.ActiveCfg = Debug|Any CPU
		{936F07BB-5F1D-42ED-8E86-E47888E4E74F}.Debug|Any CPU.Build.0 = Debug|Any CPU
		{936F07BB-5F1D-42ED-8E86-E47888E4E74F}.Release|Any CPU.ActiveCfg = Release|Any CPU
		{936F07BB-5F1D-42ED-8E86-E47888E4E74F}.Release|Any CPU.Build.0 = Release|Any CPU
		{40ED42D1-82BB-4D70-BA27-7B3EFBB79EBF}.Debug|Any CPU.ActiveCfg = Debug|Any CPU
		{40ED42D1-82BB-4D70-BA27-7B3EFBB79EBF}.Debug|Any CPU.Build.0 = Debug|Any CPU
		{40ED42D1-82BB-4D70-BA27-7B3EFBB79EBF}.Release|Any CPU.ActiveCfg = Release|Any CPU
		{40ED42D1-82BB-4D70-BA27-7B3EFBB79EBF}.Release|Any CPU.Build.0 = Release|Any CPU
		{49800AE2-2F2F-4999-A32B-22F7D3EC2F68}.Debug|Any CPU.ActiveCfg = Debug|Any CPU
		{49800AE2-2F2F-4999-A32B-22F7D3EC2F68}.Debug|Any CPU.Build.0 = Debug|Any CPU
		{49800AE2-2F2F-4999-A32B-22F7D3EC2F68}.Release|Any CPU.ActiveCfg = Release|Any CPU
		{49800AE2-2F2F-4999-A32B-22F7D3EC2F68}.Release|Any CPU.Build.0 = Release|Any CPU
		{46F05975-B6C3-46C9-A9DE-EA264EB1556E}.Debug|Any CPU.ActiveCfg = Debug|Any CPU
		{46F05975-B6C3-46C9-A9DE-EA264EB1556E}.Debug|Any CPU.Build.0 = Debug|Any CPU
		{46F05975-B6C3-46C9-A9DE-EA264EB1556E}.Release|Any CPU.ActiveCfg = Release|Any CPU
		{46F05975-B6C3-46C9-A9DE-EA264EB1556E}.Release|Any CPU.Build.0 = Release|Any CPU
	EndGlobalSection
	GlobalSection(SolutionProperties) = preSolution
		HideSolutionNode = FALSE
	EndGlobalSection
	GlobalSection(NestedProjects) = preSolution
		{19B87F77-5EBF-443E-8379-73BBFBE2C462} = {71587642-03A0-4E80-A7C0-5A60AA675DFE}
		{0902C334-BE55-4C6F-BA9B-9C289A163F9F} = {71587642-03A0-4E80-A7C0-5A60AA675DFE}
		{CE571EAA-1817-4195-9B97-E4928D5A9779} = {71587642-03A0-4E80-A7C0-5A60AA675DFE}
		{665D187B-B3E6-46DE-9AD1-64F793FB76D9} = {19B87F77-5EBF-443E-8379-73BBFBE2C462}
		{1E29D696-6F90-4347-A678-AF6B086E3599} = {19B87F77-5EBF-443E-8379-73BBFBE2C462}
		{AD581244-D1D0-4019-A2FB-30CF55452F19} = {0902C334-BE55-4C6F-BA9B-9C289A163F9F}
		{3F14529A-D962-4E2F-A491-DB8C094CA75C} = {0902C334-BE55-4C6F-BA9B-9C289A163F9F}
		{936F07BB-5F1D-42ED-8E86-E47888E4E74F} = {597449FA-6D6B-4E83-8057-7B6AB2D86D12}
		{40ED42D1-82BB-4D70-BA27-7B3EFBB79EBF} = {CE571EAA-1817-4195-9B97-E4928D5A9779}
		{49800AE2-2F2F-4999-A32B-22F7D3EC2F68} = {597449FA-6D6B-4E83-8057-7B6AB2D86D12}
		{46F05975-B6C3-46C9-A9DE-EA264EB1556E} = {597449FA-6D6B-4E83-8057-7B6AB2D86D12}
	EndGlobalSection
	GlobalSection(ExtensibilityGlobals) = postSolution
		SolutionGuid = {13E6BC66-2723-413E-936B-8FBEC267F30D}
	EndGlobalSection
EndGlobal
